// !$*UTF8*$!
{
	archiveVersion = 1;
	classes = {
	};
	objectVersion = 50;
	objects = {

/* Begin PBXBuildFile section */
		D49C45FB20AB7B6400325E10 /* AppDelegate.swift in Sources */ = {isa = PBXBuildFile; fileRef = D49C45FA20AB7B6400325E10 /* AppDelegate.swift */; };
		D49C45FD20AB7B6400325E10 /* ViewController.swift in Sources */ = {isa = PBXBuildFile; fileRef = D49C45FC20AB7B6400325E10 /* ViewController.swift */; };
		D49C460020AB7B6400325E10 /* Main.storyboard in Resources */ = {isa = PBXBuildFile; fileRef = D49C45FE20AB7B6400325E10 /* Main.storyboard */; };
		D49C460220AB7B6500325E10 /* Assets.xcassets in Resources */ = {isa = PBXBuildFile; fileRef = D49C460120AB7B6500325E10 /* Assets.xcassets */; };
		D49C460520AB7B6600325E10 /* LaunchScreen.storyboard in Resources */ = {isa = PBXBuildFile; fileRef = D49C460320AB7B6600325E10 /* LaunchScreen.storyboard */; };
		DE811FA079BFC4B16E619655 /* Pods_know_it_all_avocado.framework in Frameworks */ = {isa = PBXBuildFile; fileRef = 080547B49869019D35DC2D7F /* Pods_know_it_all_avocado.framework */; };
/* End PBXBuildFile section */

/* Begin PBXFileReference section */
		080547B49869019D35DC2D7F /* Pods_know_it_all_avocado.framework */ = {isa = PBXFileReference; explicitFileType = wrapper.framework; includeInIndex = 0; path = Pods_know_it_all_avocado.framework; sourceTree = BUILT_PRODUCTS_DIR; };
		1035FC7E0DC2F55D03B41E0A /* Pods-know it all avocado.release.xcconfig */ = {isa = PBXFileReference; includeInIndex = 1; lastKnownFileType = text.xcconfig; name = "Pods-know it all avocado.release.xcconfig"; path = "Pods/Target Support Files/Pods-know it all avocado/Pods-know it all avocado.release.xcconfig"; sourceTree = "<group>"; };
		11E3310760F355192F8142DF /* Pods-know it all avocado.debug.xcconfig */ = {isa = PBXFileReference; includeInIndex = 1; lastKnownFileType = text.xcconfig; name = "Pods-know it all avocado.debug.xcconfig"; path = "Pods/Target Support Files/Pods-know it all avocado/Pods-know it all avocado.debug.xcconfig"; sourceTree = "<group>"; };
		D49C45F720AB7B6400325E10 /* know it all avocado.app */ = {isa = PBXFileReference; explicitFileType = wrapper.application; includeInIndex = 0; path = "know it all avocado.app"; sourceTree = BUILT_PRODUCTS_DIR; };
		D49C45FA20AB7B6400325E10 /* AppDelegate.swift */ = {isa = PBXFileReference; lastKnownFileType = sourcecode.swift; path = AppDelegate.swift; sourceTree = "<group>"; };
		D49C45FC20AB7B6400325E10 /* ViewController.swift */ = {isa = PBXFileReference; lastKnownFileType = sourcecode.swift; path = ViewController.swift; sourceTree = "<group>"; };
		D49C45FF20AB7B6400325E10 /* Base */ = {isa = PBXFileReference; lastKnownFileType = file.storyboard; name = Base; path = Base.lproj/Main.storyboard; sourceTree = "<group>"; };
		D49C460120AB7B6500325E10 /* Assets.xcassets */ = {isa = PBXFileReference; lastKnownFileType = folder.assetcatalog; path = Assets.xcassets; sourceTree = "<group>"; };
		D49C460420AB7B6600325E10 /* Base */ = {isa = PBXFileReference; lastKnownFileType = file.storyboard; name = Base; path = Base.lproj/LaunchScreen.storyboard; sourceTree = "<group>"; };
		D49C460620AB7B6600325E10 /* Info.plist */ = {isa = PBXFileReference; lastKnownFileType = text.plist.xml; path = Info.plist; sourceTree = "<group>"; };
/* End PBXFileReference section */

/* Begin PBXFrameworksBuildPhase section */
		D49C45F420AB7B6400325E10 /* Frameworks */ = {
			isa = PBXFrameworksBuildPhase;
			buildActionMask = 2147483647;
			files = (
				DE811FA079BFC4B16E619655 /* Pods_know_it_all_avocado.framework in Frameworks */,
			);
			runOnlyForDeploymentPostprocessing = 0;
		};
/* End PBXFrameworksBuildPhase section */

/* Begin PBXGroup section */
		089CA65D073FB8FDCC9CAD2E /* Pods */ = {
			isa = PBXGroup;
			children = (
				11E3310760F355192F8142DF /* Pods-know it all avocado.debug.xcconfig */,
				1035FC7E0DC2F55D03B41E0A /* Pods-know it all avocado.release.xcconfig */,
			);
			name = Pods;
			sourceTree = "<group>";
		};
		21222B4393B1B478E02DD0B7 /* Frameworks */ = {
			isa = PBXGroup;
			children = (
				080547B49869019D35DC2D7F /* Pods_know_it_all_avocado.framework */,
			);
			name = Frameworks;
			sourceTree = "<group>";
		};
		D49C45EE20AB7B6400325E10 = {
			isa = PBXGroup;
			children = (
				D49C45F920AB7B6400325E10 /* know it all avocado */,
				D49C45F820AB7B6400325E10 /* Products */,
				089CA65D073FB8FDCC9CAD2E /* Pods */,
				21222B4393B1B478E02DD0B7 /* Frameworks */,
			);
			sourceTree = "<group>";
		};
		D49C45F820AB7B6400325E10 /* Products */ = {
			isa = PBXGroup;
			children = (
				D49C45F720AB7B6400325E10 /* know it all avocado.app */,
			);
			name = Products;
			sourceTree = "<group>";
		};
		D49C45F920AB7B6400325E10 /* know it all avocado */ = {
			isa = PBXGroup;
			children = (
				D49C45FA20AB7B6400325E10 /* AppDelegate.swift */,
				D49C45FC20AB7B6400325E10 /* ViewController.swift */,
				D49C45FE20AB7B6400325E10 /* Main.storyboard */,
				D49C460120AB7B6500325E10 /* Assets.xcassets */,
				D49C460320AB7B6600325E10 /* LaunchScreen.storyboard */,
				D49C460620AB7B6600325E10 /* Info.plist */,
			);
			path = "know it all avocado";
			sourceTree = "<group>";
		};
/* End PBXGroup section */

/* Begin PBXNativeTarget section */
		D49C45F620AB7B6400325E10 /* know it all avocado */ = {
			isa = PBXNativeTarget;
			buildConfigurationList = D49C460920AB7B6600325E10 /* Build configuration list for PBXNativeTarget "know it all avocado" */;
			buildPhases = (
				A4D741DF0E2C4F8571F3625C /* [CP] Check Pods Manifest.lock */,
				D49C45F320AB7B6400325E10 /* Sources */,
				D49C45F420AB7B6400325E10 /* Frameworks */,
				D49C45F520AB7B6400325E10 /* Resources */,
				931B93C87558FEC5744604DA /* [CP] Embed Pods Frameworks */,
				00516314FF3D8B4BF47DA896 /* [CP] Copy Pods Resources */,
			);
			buildRules = (
			);
			dependencies = (
			);
			name = "know it all avocado";
			productName = "know it all avocado";
			productReference = D49C45F720AB7B6400325E10 /* know it all avocado.app */;
			productType = "com.apple.product-type.application";
		};
/* End PBXNativeTarget section */

/* Begin PBXProject section */
		D49C45EF20AB7B6400325E10 /* Project object */ = {
			isa = PBXProject;
			attributes = {
				LastSwiftUpdateCheck = 0930;
				LastUpgradeCheck = 0930;
				ORGANIZATIONNAME = "Alejandro Mendoza";
				TargetAttributes = {
					D49C45F620AB7B6400325E10 = {
						CreatedOnToolsVersion = 9.3;
					};
				};
			};
			buildConfigurationList = D49C45F220AB7B6400325E10 /* Build configuration list for PBXProject "know it all avocado" */;
			compatibilityVersion = "Xcode 9.3";
			developmentRegion = en;
			hasScannedForEncodings = 0;
			knownRegions = (
				en,
				Base,
			);
			mainGroup = D49C45EE20AB7B6400325E10;
			productRefGroup = D49C45F820AB7B6400325E10 /* Products */;
			projectDirPath = "";
			projectRoot = "";
			targets = (
				D49C45F620AB7B6400325E10 /* know it all avocado */,
			);
		};
/* End PBXProject section */

/* Begin PBXResourcesBuildPhase section */
		D49C45F520AB7B6400325E10 /* Resources */ = {
			isa = PBXResourcesBuildPhase;
			buildActionMask = 2147483647;
			files = (
				D49C460520AB7B6600325E10 /* LaunchScreen.storyboard in Resources */,
				D49C460220AB7B6500325E10 /* Assets.xcassets in Resources */,
				D49C460020AB7B6400325E10 /* Main.storyboard in Resources */,
			);
			runOnlyForDeploymentPostprocessing = 0;
		};
/* End PBXResourcesBuildPhase section */

/* Begin PBXShellScriptBuildPhase section */
		00516314FF3D8B4BF47DA896 /* [CP] Copy Pods Resources */ = {
			isa = PBXShellScriptBuildPhase;
			buildActionMask = 2147483647;
			files = (
			);
			inputPaths = (
			);
			name = "[CP] Copy Pods Resources";
			outputPaths = (
			);
			runOnlyForDeploymentPostprocessing = 0;
			shellPath = /bin/sh;
			shellScript = "\"${SRCROOT}/Pods/Target Support Files/Pods-know it all avocado/Pods-know it all avocado-resources.sh\"\n";
			showEnvVarsInLog = 0;
		};
		931B93C87558FEC5744604DA /* [CP] Embed Pods Frameworks */ = {
			isa = PBXShellScriptBuildPhase;
			buildActionMask = 2147483647;
			files = (
			);
			inputPaths = (
				"${SRCROOT}/Pods/Target Support Files/Pods-know it all avocado/Pods-know it all avocado-frameworks.sh",
				"${BUILT_PRODUCTS_DIR}/AlertOnboarding/AlertOnboarding.framework",
			);
			name = "[CP] Embed Pods Frameworks";
			outputPaths = (
				"${TARGET_BUILD_DIR}/${FRAMEWORKS_FOLDER_PATH}/AlertOnboarding.framework",
			);
			runOnlyForDeploymentPostprocessing = 0;
			shellPath = /bin/sh;
			shellScript = "\"${SRCROOT}/Pods/Target Support Files/Pods-know it all avocado/Pods-know it all avocado-frameworks.sh\"\n";
			showEnvVarsInLog = 0;
		};
		A4D741DF0E2C4F8571F3625C /* [CP] Check Pods Manifest.lock */ = {
			isa = PBXShellScriptBuildPhase;
			buildActionMask = 2147483647;
			files = (
			);
			inputPaths = (
				"${PODS_PODFILE_DIR_PATH}/Podfile.lock",
				"${PODS_ROOT}/Manifest.lock",
			);
			name = "[CP] Check Pods Manifest.lock";
			outputPaths = (
				"$(DERIVED_FILE_DIR)/Pods-know it all avocado-checkManifestLockResult.txt",
			);
			runOnlyForDeploymentPostprocessing = 0;
			shellPath = /bin/sh;
			shellScript = "diff \"${PODS_PODFILE_DIR_PATH}/Podfile.lock\" \"${PODS_ROOT}/Manifest.lock\" > /dev/null\nif [ $? != 0 ] ; then\n    # print error to STDERR\n    echo \"error: The sandbox is not in sync with the Podfile.lock. Run 'pod install' or update your CocoaPods installation.\" >&2\n    exit 1\nfi\n# This output is used by Xcode 'outputs' to avoid re-running this script phase.\necho \"SUCCESS\" > \"${SCRIPT_OUTPUT_FILE_0}\"\n";
			showEnvVarsInLog = 0;
		};
/* End PBXShellScriptBuildPhase section */

/* Begin PBXSourcesBuildPhase section */
		D49C45F320AB7B6400325E10 /* Sources */ = {
			isa = PBXSourcesBuildPhase;
			buildActionMask = 2147483647;
			files = (
				D49C45FD20AB7B6400325E10 /* ViewController.swift in Sources */,
				D49C45FB20AB7B6400325E10 /* AppDelegate.swift in Sources */,
			);
			runOnlyForDeploymentPostprocessing = 0;
		};
/* End PBXSourcesBuildPhase section */

/* Begin PBXVariantGroup section */
		D49C45FE20AB7B6400325E10 /* Main.storyboard */ = {
			isa = PBXVariantGroup;
			children = (
				D49C45FF20AB7B6400325E10 /* Base */,
			);
			name = Main.storyboard;
			sourceTree = "<group>";
		};
		D49C460320AB7B6600325E10 /* LaunchScreen.storyboard */ = {
			isa = PBXVariantGroup;
			children = (
				D49C460420AB7B6600325E10 /* Base */,
			);
			name = LaunchScreen.storyboard;
			sourceTree = "<group>";
		};
/* End PBXVariantGroup section */

/* Begin XCBuildConfiguration section */
		D49C460720AB7B6600325E10 /* Debug */ = {
			isa = XCBuildConfiguration;
			buildSettings = {
				ALWAYS_SEARCH_USER_PATHS = NO;
				CLANG_ANALYZER_NONNULL = YES;
				CLANG_ANALYZER_NUMBER_OBJECT_CONVERSION = YES_AGGRESSIVE;
				CLANG_CXX_LANGUAGE_STANDARD = "gnu++14";
				CLANG_CXX_LIBRARY = "libc++";
				CLANG_ENABLE_MODULES = YES;
				CLANG_ENABLE_OBJC_ARC = YES;
				CLANG_ENABLE_OBJC_WEAK = YES;
				CLANG_WARN_BLOCK_CAPTURE_AUTORELEASING = YES;
				CLANG_WARN_BOOL_CONVERSION = YES;
				CLANG_WARN_COMMA = YES;
				CLANG_WARN_CONSTANT_CONVERSION = YES;
				CLANG_WARN_DEPRECATED_OBJC_IMPLEMENTATIONS = YES;
				CLANG_WARN_DIRECT_OBJC_ISA_USAGE = YES_ERROR;
				CLANG_WARN_DOCUMENTATION_COMMENTS = YES;
				CLANG_WARN_EMPTY_BODY = YES;
				CLANG_WARN_ENUM_CONVERSION = YES;
				CLANG_WARN_INFINITE_RECURSION = YES;
				CLANG_WARN_INT_CONVERSION = YES;
				CLANG_WARN_NON_LITERAL_NULL_CONVERSION = YES;
				CLANG_WARN_OBJC_IMPLICIT_RETAIN_SELF = YES;
				CLANG_WARN_OBJC_LITERAL_CONVERSION = YES;
				CLANG_WARN_OBJC_ROOT_CLASS = YES_ERROR;
				CLANG_WARN_RANGE_LOOP_ANALYSIS = YES;
				CLANG_WARN_STRICT_PROTOTYPES = YES;
				CLANG_WARN_SUSPICIOUS_MOVE = YES;
				CLANG_WARN_UNGUARDED_AVAILABILITY = YES_AGGRESSIVE;
				CLANG_WARN_UNREACHABLE_CODE = YES;
				CLANG_WARN__DUPLICATE_METHOD_MATCH = YES;
				CODE_SIGN_IDENTITY = "iPhone Developer";
				COPY_PHASE_STRIP = NO;
				DEBUG_INFORMATION_FORMAT = dwarf;
				ENABLE_STRICT_OBJC_MSGSEND = YES;
				ENABLE_TESTABILITY = YES;
				GCC_C_LANGUAGE_STANDARD = gnu11;
				GCC_DYNAMIC_NO_PIC = NO;
				GCC_NO_COMMON_BLOCKS = YES;
				GCC_OPTIMIZATION_LEVEL = 0;
				GCC_PREPROCESSOR_DEFINITIONS = (
					"DEBUG=1",
					"$(inherited)",
				);
				GCC_WARN_64_TO_32_BIT_CONVERSION = YES;
				GCC_WARN_ABOUT_RETURN_TYPE = YES_ERROR;
				GCC_WARN_UNDECLARED_SELECTOR = YES;
				GCC_WARN_UNINITIALIZED_AUTOS = YES_AGGRESSIVE;
				GCC_WARN_UNUSED_FUNCTION = YES;
				GCC_WARN_UNUSED_VARIABLE = YES;
				IPHONEOS_DEPLOYMENT_TARGET = 11.3;
				MTL_ENABLE_DEBUG_INFO = YES;
				ONLY_ACTIVE_ARCH = YES;
				SDKROOT = iphoneos;
				SWIFT_ACTIVE_COMPILATION_CONDITIONS = DEBUG;
				SWIFT_OPTIMIZATION_LEVEL = "-Onone";
			};
			name = Debug;
		};
		D49C460820AB7B6600325E10 /* Release */ = {
			isa = XCBuildConfiguration;
			buildSettings = {
				ALWAYS_SEARCH_USER_PATHS = NO;
				CLANG_ANALYZER_NONNULL = YES;
				CLANG_ANALYZER_NUMBER_OBJECT_CONVERSION = YES_AGGRESSIVE;
				CLANG_CXX_LANGUAGE_STANDARD = "gnu++14";
				CLANG_CXX_LIBRARY = "libc++";
				CLANG_ENABLE_MODULES = YES;
				CLANG_ENABLE_OBJC_ARC = YES;
				CLANG_ENABLE_OBJC_WEAK = YES;
				CLANG_WARN_BLOCK_CAPTURE_AUTORELEASING = YES;
				CLANG_WARN_BOOL_CONVERSION = YES;
				CLANG_WARN_COMMA = YES;
				CLANG_WARN_CONSTANT_CONVERSION = YES;
				CLANG_WARN_DEPRECATED_OBJC_IMPLEMENTATIONS = YES;
				CLANG_WARN_DIRECT_OBJC_ISA_USAGE = YES_ERROR;
				CLANG_WARN_DOCUMENTATION_COMMENTS = YES;
				CLANG_WARN_EMPTY_BODY = YES;
				CLANG_WARN_ENUM_CONVERSION = YES;
				CLANG_WARN_INFINITE_RECURSION = YES;
				CLANG_WARN_INT_CONVERSION = YES;
				CLANG_WARN_NON_LITERAL_NULL_CONVERSION = YES;
				CLANG_WARN_OBJC_IMPLICIT_RETAIN_SELF = YES;
				CLANG_WARN_OBJC_LITERAL_CONVERSION = YES;
				CLANG_WARN_OBJC_ROOT_CLASS = YES_ERROR;
				CLANG_WARN_RANGE_LOOP_ANALYSIS = YES;
				CLANG_WARN_STRICT_PROTOTYPES = YES;
				CLANG_WARN_SUSPICIOUS_MOVE = YES;
				CLANG_WARN_UNGUARDED_AVAILABILITY = YES_AGGRESSIVE;
				CLANG_WARN_UNREACHABLE_CODE = YES;
				CLANG_WARN__DUPLICATE_METHOD_MATCH = YES;
				CODE_SIGN_IDENTITY = "iPhone Developer";
				COPY_PHASE_STRIP = NO;
				DEBUG_INFORMATION_FORMAT = "dwarf-with-dsym";
				ENABLE_NS_ASSERTIONS = NO;
				ENABLE_STRICT_OBJC_MSGSEND = YES;
				GCC_C_LANGUAGE_STANDARD = gnu11;
				GCC_NO_COMMON_BLOCKS = YES;
				GCC_WARN_64_TO_32_BIT_CONVERSION = YES;
				GCC_WARN_ABOUT_RETURN_TYPE = YES_ERROR;
				GCC_WARN_UNDECLARED_SELECTOR = YES;
				GCC_WARN_UNINITIALIZED_AUTOS = YES_AGGRESSIVE;
				GCC_WARN_UNUSED_FUNCTION = YES;
				GCC_WARN_UNUSED_VARIABLE = YES;
				IPHONEOS_DEPLOYMENT_TARGET = 11.3;
				MTL_ENABLE_DEBUG_INFO = NO;
				SDKROOT = iphoneos;
				SWIFT_COMPILATION_MODE = wholemodule;
				SWIFT_OPTIMIZATION_LEVEL = "-O";
				VALIDATE_PRODUCT = YES;
			};
			name = Release;
		};
		D49C460A20AB7B6600325E10 /* Debug */ = {
			isa = XCBuildConfiguration;
			baseConfigurationReference = 11E3310760F355192F8142DF /* Pods-know it all avocado.debug.xcconfig */;
			buildSettings = {
				ASSETCATALOG_COMPILER_APPICON_NAME = AppIcon;
				CODE_SIGN_STYLE = Automatic;
				DEVELOPMENT_TEAM = 59JWRUY5S9;
				INFOPLIST_FILE = "know it all avocado/Info.plist";
				LD_RUNPATH_SEARCH_PATHS = "$(inherited) @executable_path/Frameworks";
				PRODUCT_BUNDLE_IDENTIFIER = "com.zippi.know-it-all-avocado";
				PRODUCT_NAME = "$(TARGET_NAME)";
				SWIFT_VERSION = 4.0;
				TARGETED_DEVICE_FAMILY = "1,2";
			};
			name = Debug;
		};
		D49C460B20AB7B6600325E10 /* Release */ = {
			isa = XCBuildConfiguration;
			baseConfigurationReference = 1035FC7E0DC2F55D03B41E0A /* Pods-know it all avocado.release.xcconfig */;
			buildSettings = {
				ASSETCATALOG_COMPILER_APPICON_NAME = AppIcon;
				CODE_SIGN_STYLE = Automatic;
				DEVELOPMENT_TEAM = 59JWRUY5S9;
				INFOPLIST_FILE = "know it all avocado/Info.plist";
				LD_RUNPATH_SEARCH_PATHS = "$(inherited) @executable_path/Frameworks";
				PRODUCT_BUNDLE_IDENTIFIER = "com.zippi.know-it-all-avocado";
				PRODUCT_NAME = "$(TARGET_NAME)";
				SWIFT_VERSION = 4.0;
				TARGETED_DEVICE_FAMILY = "1,2";
			};
			name = Release;
		};
/* End XCBuildConfiguration section */

/* Begin XCConfigurationList section */
		D49C45F220AB7B6400325E10 /* Build configuration list for PBXProject "know it all avocado" */ = {
			isa = XCConfigurationList;
			buildConfigurations = (
				D49C460720AB7B6600325E10 /* Debug */,
				D49C460820AB7B6600325E10 /* Release */,
			);
			defaultConfigurationIsVisible = 0;
			defaultConfigurationName = Release;
		};
		D49C460920AB7B6600325E10 /* Build configuration list for PBXNativeTarget "know it all avocado" */ = {
			isa = XCConfigurationList;
			buildConfigurations = (
				D49C460A20AB7B6600325E10 /* Debug */,
				D49C460B20AB7B6600325E10 /* Release */,
			);
			defaultConfigurationIsVisible = 0;
			defaultConfigurationName = Release;
		};
/* End XCConfigurationList section */
	};
	rootObject = D49C45EF20AB7B6400325E10 /* Project object */;
}
